<?xml version="1.0" encoding="utf-8"?>
<Project ToolsVersion="4.0" xmlns="http://schemas.microsoft.com/developer/msbuild/2003">
  <ItemGroup>
    <Filter Include="Source Files">
      <UniqueIdentifier>{4FC737F1-C7A5-4376-A066-2A32D752A2FF}</UniqueIdentifier>
      <Extensions>cpp;c;cc;cxx;c++;cppm;ixx;def;odl;idl;hpj;bat;asm;asmx</Extensions>
    </Filter>
    <Filter Include="Header Files">
      <UniqueIdentifier>{93995380-89BD-4b04-88EB-625FBE52EBFB}</UniqueIdentifier>
      <Extensions>h;hh;hpp;hxx;h++;hm;inl;inc;ipp;xsd</Extensions>
    </Filter>
    <Filter Include="Resource Files">
      <UniqueIdentifier>{67DA6AB6-F800-4c08-8B7A-83BB121AAD01}</UniqueIdentifier>
      <Extensions>rc;ico;cur;bmp;dlg;rc2;rct;bin;rgs;gif;jpg;jpeg;jpe;resx;tiff;tif;png;wav;mfcribbon-ms</Extensions>
    </Filter>
    <Filter Include="Resource Files\assets">
      <UniqueIdentifier>{4b891db1-7b82-44ea-99c3-9b6e77fa266b}</UniqueIdentifier>
    </Filter>
  </ItemGroup>
  <ItemGroup>
    <ClCompile Include="main.cpp">
      <Filter>Source Files</Filter>
    </ClCompile>
    <ClCompile Include="CardModel.cpp">
      <Filter>Resource Files</Filter>
    </ClCompile>
  </ItemGroup>
  <ItemGroup>
    <ClInclude Include="CardModel.hpp">
      <Filter>Header Files</Filter>
    </ClInclude>
  </ItemGroup>
  <ItemGroup>
    <Image Include="assets\blue_0.png">
      <Filter>Resource Files\assets</Filter>
    </Image>
    <Image Include="assets\blue_1.png">
      <Filter>Resource Files\assets</Filter>
    </Image>
    <Image Include="assets\blue_2.png">
      <Filter>Resource Files\assets</Filter>
    </Image>
    <Image Include="assets\blue_3.png">
      <Filter>Resource Files\assets</Filter>
    </Image>
    <Image Include="assets\blue_4.png">
      <Filter>Resource Files\assets</Filter>
    </Image>
    <Image Include="assets\blue_5.png">
      <Filter>Resource Files\assets</Filter>
    </Image>
    <Image Include="assets\blue_6.png">
      <Filter>Resource Files\assets</Filter>
    </Image>
    <Image Include="assets\blue_7.png">
      <Filter>Resource Files\assets</Filter>
    </Image>
    <Image Include="assets\blue_8.png">
      <Filter>Resource Files\assets</Filter>
    </Image>
    <Image Include="assets\blue_9.png">
      <Filter>Resource Files\assets</Filter>
    </Image>
    <Image Include="assets\blue_picker.png">
      <Filter>Resource Files\assets</Filter>
    </Image>
    <Image Include="assets\blue_reverse.png">
      <Filter>Resource Files\assets</Filter>
    </Image>
    <Image Include="assets\blue_skip.png">
      <Filter>Resource Files\assets</Filter>
    </Image>
    <Image Include="assets\card_back.png">
      <Filter>Resource Files\assets</Filter>
    </Image>
    <Image Include="assets\card_back_alt.png">
      <Filter>Resource Files\assets</Filter>
    </Image>
    <Image Include="assets\green_0.png">
      <Filter>Resource Files\assets</Filter>
    </Image>
    <Image Include="assets\green_1.png">
      <Filter>Resource Files\assets</Filter>
    </Image>
    <Image Include="assets\green_2.png">
      <Filter>Resource Files\assets</Filter>
    </Image>
    <Image Include="assets\green_3.png">
      <Filter>Resource Files\assets</Filter>
    </Image>
    <Image Include="assets\green_4.png">
      <Filter>Resource Files\assets</Filter>
    </Image>
    <Image Include="assets\green_5.png">
      <Filter>Resource Files\assets</Filter>
    </Image>
    <Image Include="assets\green_6.png">
      <Filter>Resource Files\assets</Filter>
    </Image>
    <Image Include="assets\green_7.png">
      <Filter>Resource Files\assets</Filter>
    </Image>
    <Image Include="assets\green_8.png">
      <Filter>Resource Files\assets</Filter>
    </Image>
    <Image Include="assets\green_9.png">
      <Filter>Resource Files\assets</Filter>
    </Image>
    <Image Include="assets\green_picker.png">
      <Filter>Resource Files\assets</Filter>
    </Image>
    <Image Include="assets\green_reverse.png">
      <Filter>Resource Files\assets</Filter>
    </Image>
    <Image Include="assets\green_skip.png">
      <Filter>Resource Files\assets</Filter>
    </Image>
    <Image Include="assets\red_0.png">
      <Filter>Resource Files\assets</Filter>
    </Image>
    <Image Include="assets\red_1.png">
      <Filter>Resource Files\assets</Filter>
    </Image>
    <Image Include="assets\red_2.png">
      <Filter>Resource Files\assets</Filter>
    </Image>
    <Image Include="assets\red_3.png">
      <Filter>Resource Files\assets</Filter>
    </Image>
    <Image Include="assets\red_4.png">
      <Filter>Resource Files\assets</Filter>
    </Image>
    <Image Include="assets\red_5.png">
      <Filter>Resource Files\assets</Filter>
    </Image>
    <Image Include="assets\red_6.png">
      <Filter>Resource Files\assets</Filter>
    </Image>
    <Image Include="assets\red_7.png">
      <Filter>Resource Files\assets</Filter>
    </Image>
    <Image Include="assets\red_8.png">
      <Filter>Resource Files\assets</Filter>
    </Image>
    <Image Include="assets\red_9.png">
      <Filter>Resource Files\assets</Filter>
    </Image>
    <Image Include="assets\red_picker.png">
      <Filter>Resource Files\assets</Filter>
    </Image>
    <Image Include="assets\red_reverse.png">
      <Filter>Resource Files\assets</Filter>
    </Image>
    <Image Include="assets\red_skip.png">
      <Filter>Resource Files\assets</Filter>
    </Image>
    <Image Include="assets\wild_color_changer.png">
      <Filter>Resource Files\assets</Filter>
    </Image>
    <Image Include="assets\wild_pick_four.png">
      <Filter>Resource Files\assets</Filter>
    </Image>
    <Image Include="assets\yellow_0.png">
      <Filter>Resource Files\assets</Filter>
    </Image>
    <Image Include="assets\yellow_1.png">
      <Filter>Resource Files\assets</Filter>
    </Image>
    <Image Include="assets\yellow_2.png">
      <Filter>Resource Files\assets</Filter>
    </Image>
    <Image Include="assets\yellow_3.png">
      <Filter>Resource Files\assets</Filter>
    </Image>
    <Image Include="assets\yellow_4.png">
      <Filter>Resource Files\assets</Filter>
    </Image>
    <Image Include="assets\yellow_5.png">
      <Filter>Resource Files\assets</Filter>
    </Image>
    <Image Include="assets\yellow_6.png">
      <Filter>Resource Files\assets</Filter>
    </Image>
    <Image Include="assets\yellow_7.png">
      <Filter>Resource Files\assets</Filter>
    </Image>
    <Image Include="assets\yellow_8.png">
      <Filter>Resource Files\assets</Filter>
    </Image>
    <Image Include="assets\yellow_9.png">
      <Filter>Resource Files\assets</Filter>
    </Image>
    <Image Include="assets\yellow_picker.png">
      <Filter>Resource Files\assets</Filter>
    </Image>
    <Image Include="assets\yellow_reverse.png">
      <Filter>Resource Files\assets</Filter>
    </Image>
    <Image Include="assets\yellow_skip.png">
      <Filter>Resource Files\assets</Filter>
    </Image>
  </ItemGroup>
</Project>